
Microsoft Visual Studio Solution File, Format Version 12.00
# Visual Studio Version 16
VisualStudioVersion = 16.0.30503.244
MinimumVisualStudioVersion = 10.0.40219.1
Project("{FAE04EC0-301F-11D3-BF4B-00C04F79EFBC}") = "conversionedecimalebinario", "conversionedecimalebinario\conversionedecimalebinario.csproj", "{2C72F264-6D04-4BBB-99BE-31D3504C122F}"
EndProject
Global
	GlobalSection(SolutionConfigurationPlatforms) = preSolution
		Debug|Any CPU = Debug|Any CPU
		Release|Any CPU = Release|Any CPU
	EndGlobalSection
	GlobalSection(ProjectConfigurationPlatforms) = postSolution
		{2C72F264-6D04-4BBB-99BE-31D3504C122F}.Debug|Any CPU.ActiveCfg = Debug|Any CPU
		{2C72F264-6D04-4BBB-99BE-31D3504C122F}.Debug|Any CPU.Build.0 = Debug|Any CPU
		{2C72F264-6D04-4BBB-99BE-31D3504C122F}.Release|Any CPU.ActiveCfg = Release|Any CPU
		{2C72F264-6D04-4BBB-99BE-31D3504C122F}.Release|Any CPU.Build.0 = Release|Any CPU
	EndGlobalSection
	GlobalSection(SolutionProperties) = preSolution
		HideSolutionNode = FALSE
	EndGlobalSection
	GlobalSection(ExtensibilityGlobals) = postSolution
		SolutionGuid = {33E0D581-0A10-49D7-8662-5C2CC1DAE95E}
	EndGlobalSection
EndGlobal
